{
  "name": "socks",
  "lockfileVersion": 2,
  "requires": true,
  "packages": {
    "": {
      "dependencies": {
        "@glidejs/glide": "^3.6.0",
        "inputmask": "^5.0.8"
      }
    },
    "node_modules/@glidejs/glide": {
      "version": "3.6.0",
      "resolved": "https://registry.npmjs.org/@glidejs/glide/-/glide-3.6.0.tgz",
      "integrity": "sha512-47Aa+JmYjY4xTFpTtYCwrqirmI1arnp1UZETwtWpbTPisXUAuxrdJxKJLH8KHFWMsSrLi9+AcfyfzDIuO75rEA=="
    },
    "node_modules/inputmask": {
      "version": "5.0.8",
      "resolved": "https://registry.npmjs.org/inputmask/-/inputmask-5.0.8.tgz",
      "integrity": "sha512-1WcbyudPTXP1B28ozWWyFa6QRIUG4KiLoyR6LFHlpT4OfTzRqFfWgHFadNvRuMN1S9XNVz9CdNvCGjJi+uAMqQ=="
    }
  },
  "dependencies": {
    "@glidejs/glide": {
      "version": "3.6.0",
      "resolved": "https://registry.npmjs.org/@glidejs/glide/-/glide-3.6.0.tgz",
      "integrity": "sha512-47Aa+JmYjY4xTFpTtYCwrqirmI1arnp1UZETwtWpbTPisXUAuxrdJxKJLH8KHFWMsSrLi9+AcfyfzDIuO75rEA=="
    },
    "inputmask": {
      "version": "5.0.8",
      "resolved": "https://registry.npmjs.org/inputmask/-/inputmask-5.0.8.tgz",
      "integrity": "sha512-1WcbyudPTXP1B28ozWWyFa6QRIUG4KiLoyR6LFHlpT4OfTzRqFfWgHFadNvRuMN1S9XNVz9CdNvCGjJi+uAMqQ=="
    }
  }
}
